
Microsoft Visual Studio Solution File, Format Version 12.00
# Visual Studio Version 16
VisualStudioVersion = 16.0.808.8
MinimumVisualStudioVersion = 10.0.40219.1
Project("{FAE04EC0-301F-11D3-BF4B-00C04F79EFBC}") = "assignment5", "assignment5.csproj", "{F0FCEC54-D966-4160-8C9E-6B4BA7C6C95C}"
EndProject
Global
	GlobalSection(SolutionConfigurationPlatforms) = preSolution
		Debug|Any CPU = Debug|Any CPU
		Release|Any CPU = Release|Any CPU
	EndGlobalSection
	GlobalSection(ProjectConfigurationPlatforms) = postSolution
		{F0FCEC54-D966-4160-8C9E-6B4BA7C6C95C}.Debug|Any CPU.ActiveCfg = Debug|Any CPU
		{F0FCEC54-D966-4160-8C9E-6B4BA7C6C95C}.Debug|Any CPU.Build.0 = Debug|Any CPU
		{F0FCEC54-D966-4160-8C9E-6B4BA7C6C95C}.Release|Any CPU.ActiveCfg = Release|Any CPU
		{F0FCEC54-D966-4160-8C9E-6B4BA7C6C95C}.Release|Any CPU.Build.0 = Release|Any CPU
	EndGlobalSection
	GlobalSection(SolutionProperties) = preSolution
		HideSolutionNode = FALSE
	EndGlobalSection
	GlobalSection(ExtensibilityGlobals) = postSolution
		SolutionGuid = {595F308E-D1E8-4EA6-AC2C-7CFC76187938}
	EndGlobalSection
EndGlobal
